
Microsoft Visual Studio Solution File, Format Version 12.00
# Visual Studio 2012
Project("{FAE04EC0-301F-11D3-BF4B-00C04F79EFBC}") = "Generator", "Generator\Generator.csproj", "{FC843A89-0194-4D5E-8324-352EE588880F}"
EndProject
Global
	GlobalSection(SolutionConfigurationPlatforms) = preSolution
		Debug|Any CPU = Debug|Any CPU
		Release|Any CPU = Release|Any CPU
	EndGlobalSection
	GlobalSection(ProjectConfigurationPlatforms) = postSolution
		{FC843A89-0194-4D5E-8324-352EE588880F}.Debug|Any CPU.ActiveCfg = Debug|Any CPU
		{FC843A89-0194-4D5E-8324-352EE588880F}.Debug|Any CPU.Build.0 = Debug|Any CPU
		{FC843A89-0194-4D5E-8324-352EE588880F}.Release|Any CPU.ActiveCfg = Release|Any CPU
		{FC843A89-0194-4D5E-8324-352EE588880F}.Release|Any CPU.Build.0 = Release|Any CPU
	EndGlobalSection
	GlobalSection(SolutionProperties) = preSolution
		HideSolutionNode = FALSE
	EndGlobalSection
EndGlobal
